
Microsoft Visual Studio Solution File, Format Version 12.00
# Visual Studio Version 17
VisualStudioVersion = 17.5.33424.131
MinimumVisualStudioVersion = 10.0.40219.1
Project("{FAE04EC0-301F-11D3-BF4B-00C04F79EFBC}") = "RegistrationClient", "RegistrationClient.csproj", "{38D543D8-7DC3-4BEF-80E7-C23106CC805D}"
EndProject
Global
	GlobalSection(SolutionConfigurationPlatforms) = preSolution
		Debug|Any CPU = Debug|Any CPU
		Release|Any CPU = Release|Any CPU
	EndGlobalSection
	GlobalSection(ProjectConfigurationPlatforms) = postSolution
		{38D543D8-7DC3-4BEF-80E7-C23106CC805D}.Debug|Any CPU.ActiveCfg = Debug|Any CPU
		{38D543D8-7DC3-4BEF-80E7-C23106CC805D}.Debug|Any CPU.Build.0 = Debug|Any CPU
		{38D543D8-7DC3-4BEF-80E7-C23106CC805D}.Release|Any CPU.ActiveCfg = Release|Any CPU
		{38D543D8-7DC3-4BEF-80E7-C23106CC805D}.Release|Any CPU.Build.0 = Release|Any CPU
	EndGlobalSection
	GlobalSection(SolutionProperties) = preSolution
		HideSolutionNode = FALSE
	EndGlobalSection
	GlobalSection(ExtensibilityGlobals) = postSolution
		SolutionGuid = {164B069A-486F-45AF-AE46-8C71302D4469}
	EndGlobalSection
EndGlobal
